
Microsoft Visual Studio Solution File, Format Version 12.00
# Visual Studio 15
VisualStudioVersion = 15.0.27130.2010
MinimumVisualStudioVersion = 10.0.40219.1
Project("{FAE04EC0-301F-11D3-BF4B-00C04F79EFBC}") = "SPARKAPI", "SPARKAPI\SPARKAPI.csproj", "{0C6D6FA8-8171-4800-B25B-947F5D1BEE1B}"
EndProject
Global
	GlobalSection(SolutionConfigurationPlatforms) = preSolution
		Debug|Any CPU = Debug|Any CPU
		Release|Any CPU = Release|Any CPU
	EndGlobalSection
	GlobalSection(ProjectConfigurationPlatforms) = postSolution
		{0C6D6FA8-8171-4800-B25B-947F5D1BEE1B}.Debug|Any CPU.ActiveCfg = Debug|Any CPU
		{0C6D6FA8-8171-4800-B25B-947F5D1BEE1B}.Debug|Any CPU.Build.0 = Debug|Any CPU
		{0C6D6FA8-8171-4800-B25B-947F5D1BEE1B}.Release|Any CPU.ActiveCfg = Release|Any CPU
		{0C6D6FA8-8171-4800-B25B-947F5D1BEE1B}.Release|Any CPU.Build.0 = Release|Any CPU
	EndGlobalSection
	GlobalSection(SolutionProperties) = preSolution
		HideSolutionNode = FALSE
	EndGlobalSection
	GlobalSection(ExtensibilityGlobals) = postSolution
		SolutionGuid = {563E7E0B-3DEE-4A19-B55F-EF97723F0F3C}
	EndGlobalSection
EndGlobal
